
Microsoft Visual Studio Solution File, Format Version 12.00
# Visual Studio 15
VisualStudioVersion = 15.0.28307.421
MinimumVisualStudioVersion = 10.0.40219.1
Project("{8BC9CEB8-8B4A-11D0-8D11-00A0C91BC942}") = "LangtonAnt", "Doodles\Doodles.vcxproj", "{80E6C211-EAF5-458F-AC9E-480D7CB96592}"
EndProject
Project("{8BC9CEB8-8B4A-11D0-8D11-00A0C91BC942}") = "SudokuGenerator", "SudokuGenerator\SudokuGenerator.vcxproj", "{0C842E2F-B0A5-471F-89CA-8634A2ABCC88}"
EndProject
Project("{8BC9CEB8-8B4A-11D0-8D11-00A0C91BC942}") = "rgb2lab", "rgb2lab\rgb2lab.vcxproj", "{7A126A74-CB74-44BE-8837-5ED8FB58F968}"
EndProject
Project("{8BC9CEB8-8B4A-11D0-8D11-00A0C91BC942}") = "CodeGolfLangtonAnt", "CodeGolfLangtonAnt\CodeGolfLangtonAnt.vcxproj", "{E927976B-3AD0-447D-A860-43CFA47F73DC}"
EndProject
Project("{8BC9CEB8-8B4A-11D0-8D11-00A0C91BC942}") = "SuperSmallBitmapGenerator", "SuperSmallBitmapGenerator\SuperSmallBitmapGenerator.vcxproj", "{5013BF94-8D54-433B-B45E-6F12E4BFA03C}"
EndProject
Project("{8BC9CEB8-8B4A-11D0-8D11-00A0C91BC942}") = "Callbacks", "Callbacks\Callbacks.vcxproj", "{01CD57B9-2DFA-4018-92E0-4FEA2828041A}"
EndProject
Project("{8BC9CEB8-8B4A-11D0-8D11-00A0C91BC942}") = "FeedbackFunction", "FeedbackFunction\FeedbackFunction.vcxproj", "{496AE9EF-A2BD-41F7-9923-371811FD1DDD}"
EndProject
Project("{8BC9CEB8-8B4A-11D0-8D11-00A0C91BC942}") = "UnicodeScrambler", "UnicodeScrambler\UnicodeScrambler.vcxproj", "{3BA1405A-D60C-4BED-828A-4B52DA34001B}"
EndProject
Project("{8BC9CEB8-8B4A-11D0-8D11-00A0C91BC942}") = "CPPShenanigans", "CPPShenanigans\CPPShenanigans.vcxproj", "{D6E86F80-8AD7-40E8-8D88-F13CB54DD260}"
EndProject
Project("{8BC9CEB8-8B4A-11D0-8D11-00A0C91BC942}") = "QuadTree", "QuadTree\QuadTree.vcxproj", "{492E300B-C64C-434C-A2A1-7692912DA5F7}"
EndProject
Project("{8BC9CEB8-8B4A-11D0-8D11-00A0C91BC942}") = "GeneticAlgorithmImage", "GeneticAlgorithmImage\GeneticAlgorithmImage.vcxproj", "{162454C2-EB99-4EB1-84B4-D486EFE2DEDE}"
EndProject
Project("{8BC9CEB8-8B4A-11D0-8D11-00A0C91BC942}") = "InfiniteTearing", "InfiniteTearing\InfiniteTearing.vcxproj", "{64964D90-17E5-4A53-8E7D-429D7608BE8C}"
EndProject
Global
	GlobalSection(SolutionConfigurationPlatforms) = preSolution
		Debug|x64 = Debug|x64
		Debug|x86 = Debug|x86
		Release|x64 = Release|x64
		Release|x86 = Release|x86
	EndGlobalSection
	GlobalSection(ProjectConfigurationPlatforms) = postSolution
		{80E6C211-EAF5-458F-AC9E-480D7CB96592}.Debug|x64.ActiveCfg = Debug|x64
		{80E6C211-EAF5-458F-AC9E-480D7CB96592}.Debug|x64.Build.0 = Debug|x64
		{80E6C211-EAF5-458F-AC9E-480D7CB96592}.Debug|x86.ActiveCfg = Debug|Win32
		{80E6C211-EAF5-458F-AC9E-480D7CB96592}.Debug|x86.Build.0 = Debug|Win32
		{80E6C211-EAF5-458F-AC9E-480D7CB96592}.Release|x64.ActiveCfg = Release|x64
		{80E6C211-EAF5-458F-AC9E-480D7CB96592}.Release|x64.Build.0 = Release|x64
		{80E6C211-EAF5-458F-AC9E-480D7CB96592}.Release|x86.ActiveCfg = Release|Win32
		{80E6C211-EAF5-458F-AC9E-480D7CB96592}.Release|x86.Build.0 = Release|Win32
		{0C842E2F-B0A5-471F-89CA-8634A2ABCC88}.Debug|x64.ActiveCfg = Debug|x64
		{0C842E2F-B0A5-471F-89CA-8634A2ABCC88}.Debug|x64.Build.0 = Debug|x64
		{0C842E2F-B0A5-471F-89CA-8634A2ABCC88}.Debug|x86.ActiveCfg = Debug|Win32
		{0C842E2F-B0A5-471F-89CA-8634A2ABCC88}.Debug|x86.Build.0 = Debug|Win32
		{0C842E2F-B0A5-471F-89CA-8634A2ABCC88}.Release|x64.ActiveCfg = Release|x64
		{0C842E2F-B0A5-471F-89CA-8634A2ABCC88}.Release|x64.Build.0 = Release|x64
		{0C842E2F-B0A5-471F-89CA-8634A2ABCC88}.Release|x86.ActiveCfg = Release|Win32
		{0C842E2F-B0A5-471F-89CA-8634A2ABCC88}.Release|x86.Build.0 = Release|Win32
		{7A126A74-CB74-44BE-8837-5ED8FB58F968}.Debug|x64.ActiveCfg = Debug|x64
		{7A126A74-CB74-44BE-8837-5ED8FB58F968}.Debug|x64.Build.0 = Debug|x64
		{7A126A74-CB74-44BE-8837-5ED8FB58F968}.Debug|x86.ActiveCfg = Debug|Win32
		{7A126A74-CB74-44BE-8837-5ED8FB58F968}.Debug|x86.Build.0 = Debug|Win32
		{7A126A74-CB74-44BE-8837-5ED8FB58F968}.Release|x64.ActiveCfg = Release|x64
		{7A126A74-CB74-44BE-8837-5ED8FB58F968}.Release|x64.Build.0 = Release|x64
		{7A126A74-CB74-44BE-8837-5ED8FB58F968}.Release|x86.ActiveCfg = Release|Win32
		{7A126A74-CB74-44BE-8837-5ED8FB58F968}.Release|x86.Build.0 = Release|Win32
		{E927976B-3AD0-447D-A860-43CFA47F73DC}.Debug|x64.ActiveCfg = Debug|x64
		{E927976B-3AD0-447D-A860-43CFA47F73DC}.Debug|x64.Build.0 = Debug|x64
		{E927976B-3AD0-447D-A860-43CFA47F73DC}.Debug|x86.ActiveCfg = Debug|Win32
		{E927976B-3AD0-447D-A860-43CFA47F73DC}.Debug|x86.Build.0 = Debug|Win32
		{E927976B-3AD0-447D-A860-43CFA47F73DC}.Release|x64.ActiveCfg = Release|x64
		{E927976B-3AD0-447D-A860-43CFA47F73DC}.Release|x64.Build.0 = Release|x64
		{E927976B-3AD0-447D-A860-43CFA47F73DC}.Release|x86.ActiveCfg = Release|Win32
		{E927976B-3AD0-447D-A860-43CFA47F73DC}.Release|x86.Build.0 = Release|Win32
		{5013BF94-8D54-433B-B45E-6F12E4BFA03C}.Debug|x64.ActiveCfg = Debug|x64
		{5013BF94-8D54-433B-B45E-6F12E4BFA03C}.Debug|x64.Build.0 = Debug|x64
		{5013BF94-8D54-433B-B45E-6F12E4BFA03C}.Debug|x86.ActiveCfg = Debug|Win32
		{5013BF94-8D54-433B-B45E-6F12E4BFA03C}.Debug|x86.Build.0 = Debug|Win32
		{5013BF94-8D54-433B-B45E-6F12E4BFA03C}.Release|x64.ActiveCfg = Release|x64
		{5013BF94-8D54-433B-B45E-6F12E4BFA03C}.Release|x64.Build.0 = Release|x64
		{5013BF94-8D54-433B-B45E-6F12E4BFA03C}.Release|x86.ActiveCfg = Release|Win32
		{5013BF94-8D54-433B-B45E-6F12E4BFA03C}.Release|x86.Build.0 = Release|Win32
		{01CD57B9-2DFA-4018-92E0-4FEA2828041A}.Debug|x64.ActiveCfg = Debug|x64
		{01CD57B9-2DFA-4018-92E0-4FEA2828041A}.Debug|x64.Build.0 = Debug|x64
		{01CD57B9-2DFA-4018-92E0-4FEA2828041A}.Debug|x86.ActiveCfg = Debug|Win32
		{01CD57B9-2DFA-4018-92E0-4FEA2828041A}.Debug|x86.Build.0 = Debug|Win32
		{01CD57B9-2DFA-4018-92E0-4FEA2828041A}.Release|x64.ActiveCfg = Release|x64
		{01CD57B9-2DFA-4018-92E0-4FEA2828041A}.Release|x64.Build.0 = Release|x64
		{01CD57B9-2DFA-4018-92E0-4FEA2828041A}.Release|x86.ActiveCfg = Release|Win32
		{01CD57B9-2DFA-4018-92E0-4FEA2828041A}.Release|x86.Build.0 = Release|Win32
		{496AE9EF-A2BD-41F7-9923-371811FD1DDD}.Debug|x64.ActiveCfg = Debug|x64
		{496AE9EF-A2BD-41F7-9923-371811FD1DDD}.Debug|x64.Build.0 = Debug|x64
		{496AE9EF-A2BD-41F7-9923-371811FD1DDD}.Debug|x86.ActiveCfg = Debug|Win32
		{496AE9EF-A2BD-41F7-9923-371811FD1DDD}.Debug|x86.Build.0 = Debug|Win32
		{496AE9EF-A2BD-41F7-9923-371811FD1DDD}.Release|x64.ActiveCfg = Release|x64
		{496AE9EF-A2BD-41F7-9923-371811FD1DDD}.Release|x64.Build.0 = Release|x64
		{496AE9EF-A2BD-41F7-9923-371811FD1DDD}.Release|x86.ActiveCfg = Release|Win32
		{496AE9EF-A2BD-41F7-9923-371811FD1DDD}.Release|x86.Build.0 = Release|Win32
		{3BA1405A-D60C-4BED-828A-4B52DA34001B}.Debug|x64.ActiveCfg = Debug|x64
		{3BA1405A-D60C-4BED-828A-4B52DA34001B}.Debug|x64.Build.0 = Debug|x64
		{3BA1405A-D60C-4BED-828A-4B52DA34001B}.Debug|x86.ActiveCfg = Debug|Win32
		{3BA1405A-D60C-4BED-828A-4B52DA34001B}.Debug|x86.Build.0 = Debug|Win32
		{3BA1405A-D60C-4BED-828A-4B52DA34001B}.Release|x64.ActiveCfg = Release|x64
		{3BA1405A-D60C-4BED-828A-4B52DA34001B}.Release|x64.Build.0 = Release|x64
		{3BA1405A-D60C-4BED-828A-4B52DA34001B}.Release|x86.ActiveCfg = Release|Win32
		{3BA1405A-D60C-4BED-828A-4B52DA34001B}.Release|x86.Build.0 = Release|Win32
		{D6E86F80-8AD7-40E8-8D88-F13CB54DD260}.Debug|x64.ActiveCfg = Debug|x64
		{D6E86F80-8AD7-40E8-8D88-F13CB54DD260}.Debug|x64.Build.0 = Debug|x64
		{D6E86F80-8AD7-40E8-8D88-F13CB54DD260}.Debug|x86.ActiveCfg = Debug|Win32
		{D6E86F80-8AD7-40E8-8D88-F13CB54DD260}.Debug|x86.Build.0 = Debug|Win32
		{D6E86F80-8AD7-40E8-8D88-F13CB54DD260}.Release|x64.ActiveCfg = Release|x64
		{D6E86F80-8AD7-40E8-8D88-F13CB54DD260}.Release|x64.Build.0 = Release|x64
		{D6E86F80-8AD7-40E8-8D88-F13CB54DD260}.Release|x86.ActiveCfg = Release|Win32
		{D6E86F80-8AD7-40E8-8D88-F13CB54DD260}.Release|x86.Build.0 = Release|Win32
		{492E300B-C64C-434C-A2A1-7692912DA5F7}.Debug|x64.ActiveCfg = Debug|x64
		{492E300B-C64C-434C-A2A1-7692912DA5F7}.Debug|x64.Build.0 = Debug|x64
		{492E300B-C64C-434C-A2A1-7692912DA5F7}.Debug|x86.ActiveCfg = Debug|Win32
		{492E300B-C64C-434C-A2A1-7692912DA5F7}.Debug|x86.Build.0 = Debug|Win32
		{492E300B-C64C-434C-A2A1-7692912DA5F7}.Release|x64.ActiveCfg = Release|x64
		{492E300B-C64C-434C-A2A1-7692912DA5F7}.Release|x64.Build.0 = Release|x64
		{492E300B-C64C-434C-A2A1-7692912DA5F7}.Release|x86.ActiveCfg = Release|Win32
		{492E300B-C64C-434C-A2A1-7692912DA5F7}.Release|x86.Build.0 = Release|Win32
		{162454C2-EB99-4EB1-84B4-D486EFE2DEDE}.Debug|x64.ActiveCfg = Debug|x64
		{162454C2-EB99-4EB1-84B4-D486EFE2DEDE}.Debug|x64.Build.0 = Debug|x64
		{162454C2-EB99-4EB1-84B4-D486EFE2DEDE}.Debug|x86.ActiveCfg = Debug|Win32
		{162454C2-EB99-4EB1-84B4-D486EFE2DEDE}.Debug|x86.Build.0 = Debug|Win32
		{162454C2-EB99-4EB1-84B4-D486EFE2DEDE}.Release|x64.ActiveCfg = Release|x64
		{162454C2-EB99-4EB1-84B4-D486EFE2DEDE}.Release|x64.Build.0 = Release|x64
		{162454C2-EB99-4EB1-84B4-D486EFE2DEDE}.Release|x86.ActiveCfg = Release|Win32
		{162454C2-EB99-4EB1-84B4-D486EFE2DEDE}.Release|x86.Build.0 = Release|Win32
		{64964D90-17E5-4A53-8E7D-429D7608BE8C}.Debug|x64.ActiveCfg = Debug|x64
		{64964D90-17E5-4A53-8E7D-429D7608BE8C}.Debug|x64.Build.0 = Debug|x64
		{64964D90-17E5-4A53-8E7D-429D7608BE8C}.Debug|x86.ActiveCfg = Debug|Win32
		{64964D90-17E5-4A53-8E7D-429D7608BE8C}.Debug|x86.Build.0 = Debug|Win32
		{64964D90-17E5-4A53-8E7D-429D7608BE8C}.Release|x64.ActiveCfg = Release|x64
		{64964D90-17E5-4A53-8E7D-429D7608BE8C}.Release|x64.Build.0 = Release|x64
		{64964D90-17E5-4A53-8E7D-429D7608BE8C}.Release|x86.ActiveCfg = Release|Win32
		{64964D90-17E5-4A53-8E7D-429D7608BE8C}.Release|x86.Build.0 = Release|Win32
	EndGlobalSection
	GlobalSection(SolutionProperties) = preSolution
		HideSolutionNode = FALSE
	EndGlobalSection
	GlobalSection(ExtensibilityGlobals) = postSolution
		SolutionGuid = {61A61FFD-FD86-4840-B5FD-DD54ED968615}
	EndGlobalSection
EndGlobal
